
Microsoft Visual Studio Solution File, Format Version 12.00
# Visual Studio Version 17
VisualStudioVersion = 17.0.31606.5
MinimumVisualStudioVersion = 10.0.40219.1
Project("{9A19103F-16F7-4668-BE54-9A1E7A4F7556}") = "Grafer", "Grafer\Grafer.csproj", "{29BE8412-C463-4482-A8E2-AD8F99ED7C13}"
EndProject
Project("{2150E333-8FDC-42A3-9474-1A3956D46DE8}") = "External classes", "External classes", "{F28EB56C-2D0F-492B-B1F5-B54CE6D0277D}"
	ProjectSection(SolutionItems) = preProject
		Grafer\FileCompiler.cs = Grafer\FileCompiler.cs
	EndProjectSection
EndProject
Global
	GlobalSection(SolutionConfigurationPlatforms) = preSolution
		Debug|Any CPU = Debug|Any CPU
		Release|Any CPU = Release|Any CPU
	EndGlobalSection
	GlobalSection(ProjectConfigurationPlatforms) = postSolution
		{29BE8412-C463-4482-A8E2-AD8F99ED7C13}.Debug|Any CPU.ActiveCfg = Debug|Any CPU
		{29BE8412-C463-4482-A8E2-AD8F99ED7C13}.Debug|Any CPU.Build.0 = Debug|Any CPU
		{29BE8412-C463-4482-A8E2-AD8F99ED7C13}.Release|Any CPU.ActiveCfg = Release|Any CPU
		{29BE8412-C463-4482-A8E2-AD8F99ED7C13}.Release|Any CPU.Build.0 = Release|Any CPU
	EndGlobalSection
	GlobalSection(SolutionProperties) = preSolution
		HideSolutionNode = FALSE
	EndGlobalSection
	GlobalSection(ExtensibilityGlobals) = postSolution
		SolutionGuid = {7625FA47-32A6-4E18-9574-2DC42D4C7B5B}
	EndGlobalSection
EndGlobal
